
Microsoft Visual Studio Solution File, Format Version 12.00
# Visual Studio Version 17
VisualStudioVersion = 17.11.35327.3
MinimumVisualStudioVersion = 10.0.40219.1
Project("{9A19103F-16F7-4668-BE54-9A1E7A4F7556}") = "ProfileBuilderApp", "ProfileBuilderApp.csproj", "{526B0316-35C9-4DAD-A633-40CD2B3B0C36}"
EndProject
Project("{9A19103F-16F7-4668-BE54-9A1E7A4F7556}") = "ProfileBuilder.Test", "..\ProfileBuilderApi\ProfileBuilder.Test\ProfileBuilder.Test.csproj", "{4FF09D0D-8673-4EB9-8679-498F5CA50803}"
EndProject
Global
	GlobalSection(SolutionConfigurationPlatforms) = preSolution
		Debug|Any CPU = Debug|Any CPU
		Release|Any CPU = Release|Any CPU
	EndGlobalSection
	GlobalSection(ProjectConfigurationPlatforms) = postSolution
		{526B0316-35C9-4DAD-A633-40CD2B3B0C36}.Debug|Any CPU.ActiveCfg = Debug|Any CPU
		{526B0316-35C9-4DAD-A633-40CD2B3B0C36}.Debug|Any CPU.Build.0 = Debug|Any CPU
		{526B0316-35C9-4DAD-A633-40CD2B3B0C36}.Release|Any CPU.ActiveCfg = Release|Any CPU
		{526B0316-35C9-4DAD-A633-40CD2B3B0C36}.Release|Any CPU.Build.0 = Release|Any CPU
		{4FF09D0D-8673-4EB9-8679-498F5CA50803}.Debug|Any CPU.ActiveCfg = Debug|Any CPU
		{4FF09D0D-8673-4EB9-8679-498F5CA50803}.Debug|Any CPU.Build.0 = Debug|Any CPU
		{4FF09D0D-8673-4EB9-8679-498F5CA50803}.Release|Any CPU.ActiveCfg = Release|Any CPU
		{4FF09D0D-8673-4EB9-8679-498F5CA50803}.Release|Any CPU.Build.0 = Release|Any CPU
	EndGlobalSection
	GlobalSection(SolutionProperties) = preSolution
		HideSolutionNode = FALSE
	EndGlobalSection
	GlobalSection(ExtensibilityGlobals) = postSolution
		SolutionGuid = {32597E9A-4D7A-43E4-8AA3-13BF90A62A6E}
	EndGlobalSection
EndGlobal
